
Microsoft Visual Studio Solution File, Format Version 12.00
# Visual Studio 15
Project("{FAE04EC0-301F-11D3-BF4B-00C04F79EFBC}") = "Assembly-CSharp", "Assembly-CSharp.csproj", "{14D52F3A-9064-2FFA-4C45-1D34C9D9F078}"
EndProject
Project("{FAE04EC0-301F-11D3-BF4B-00C04F79EFBC}") = "Assembly-CSharp-firstpass", "Assembly-CSharp-firstpass.csproj", "{ECDFCFFC-308E-7AA5-EEBE-9594654A64DC}"
EndProject
Project("{FAE04EC0-301F-11D3-BF4B-00C04F79EFBC}") = "Assembly-CSharp-Editor", "Assembly-CSharp-Editor.csproj", "{EA93F185-65E5-1F20-DCB1-81B828AD669F}"
EndProject
Global
	GlobalSection(SolutionConfigurationPlatforms) = preSolution
		Debug|Any CPU = Debug|Any CPU
		Release|Any CPU = Release|Any CPU
	EndGlobalSection
	GlobalSection(ProjectConfigurationPlatforms) = postSolution
		{14D52F3A-9064-2FFA-4C45-1D34C9D9F078}.Debug|Any CPU.ActiveCfg = Debug|Any CPU
		{14D52F3A-9064-2FFA-4C45-1D34C9D9F078}.Debug|Any CPU.Build.0 = Debug|Any CPU
		{14D52F3A-9064-2FFA-4C45-1D34C9D9F078}.Release|Any CPU.ActiveCfg = Release|Any CPU
		{14D52F3A-9064-2FFA-4C45-1D34C9D9F078}.Release|Any CPU.Build.0 = Release|Any CPU
		{ECDFCFFC-308E-7AA5-EEBE-9594654A64DC}.Debug|Any CPU.ActiveCfg = Debug|Any CPU
		{ECDFCFFC-308E-7AA5-EEBE-9594654A64DC}.Debug|Any CPU.Build.0 = Debug|Any CPU
		{ECDFCFFC-308E-7AA5-EEBE-9594654A64DC}.Release|Any CPU.ActiveCfg = Release|Any CPU
		{ECDFCFFC-308E-7AA5-EEBE-9594654A64DC}.Release|Any CPU.Build.0 = Release|Any CPU
		{EA93F185-65E5-1F20-DCB1-81B828AD669F}.Debug|Any CPU.ActiveCfg = Debug|Any CPU
		{EA93F185-65E5-1F20-DCB1-81B828AD669F}.Debug|Any CPU.Build.0 = Debug|Any CPU
		{EA93F185-65E5-1F20-DCB1-81B828AD669F}.Release|Any CPU.ActiveCfg = Release|Any CPU
		{EA93F185-65E5-1F20-DCB1-81B828AD669F}.Release|Any CPU.Build.0 = Release|Any CPU
	EndGlobalSection
	GlobalSection(SolutionProperties) = preSolution
		HideSolutionNode = FALSE
	EndGlobalSection
EndGlobal
